{
  "name": "@indra.ai/deva.content",
  "version": "0.0.12",
  "lockfileVersion": 3,
  "requires": true,
  "packages": {
    "": {
      "name": "@indra.ai/deva.content",
      "version": "0.0.12",
      "license": "MIT",
      "dependencies": {
        "@indra.ai/deva": "^1.2.39"
      }
    },
    "node_modules/@indra.ai/deva": {
      "version": "1.2.39",
      "resolved": "https://registry.npmjs.org/@indra.ai/deva/-/deva-1.2.39.tgz",
      "integrity": "sha512-Zu0Mrs3D8T/RrJyQqoArjaZn5km+FkQcfeQn5jotvt2PaWIw1iVaZ9PWAHEBY+HflQD7dqHB0Gc+Mg2e+1kziQ==",
      "funding": [
        {
          "type": "paypal",
          "url": "https://paypal.me/rahulaclub"
        },
        {
          "type": "patreon",
          "url": "https://patreon.com/rahulaclub"
        }
      ],
      "license": "Unlicense",
      "engines": {
        "node": ">=18.16.0",
        "npm": ">=9.5.1"
      }
    }
  }
}
